schemaVersion: 1
rootManifestHash: b12113b6ea6869925c078d92ebbde2d923bfb3e3a709c47e6b949c71100e4a6a
generatedAt: '1784122511'
templates:
- reference: github:inditex/cac-moyaagentrules#templates/itx-coding
  sha: 60164ec088a9520b2ded1868104a814f169b2572
  origin: template:github:inditex/cac-moyaagentrules#templates/amiga-python-2
- reference: github:inditex/cac-moyaagentrules#templates/amiga-python-2
  sha: 60164ec088a9520b2ded1868104a814f169b2572
  origin: user
packages:
  inditex_cac-moyaagentrules:
    declared:
      source: github:inditex/cac-moyaagentrules
      select:
        skills:
        - gh-pr-create
        - gh-pr-comment
        - agents-md
        - skill-creator
        - paas-config
        prompts:
        - common/init
        mcps:
        - devhub
        - amiga-python-2
        - geppetto
        - jira
        agents:
        - code-review/code-review
    source: github:inditex/cac-moyaagentrules
    selectHash: a67b17923136c355
    sha: 60164ec088a9520b2ded1868104a814f169b2572
    origin: user manifest
    position: 0
  moya:
    declared:
      name: moya
      source: github:inditex/cac-moyaagentrules
      select:
        skills:
        - aidev-code
        - conventional-commits
        - gh-issue-create
        - gh-issue-comment
        - gh-pr-create
        - gh-pr-comment
        - paas-config
        - asdf-allowlist
        - asdf-command-not-found
        - asdf-plugin-add
        - asdf-version-install
        - asdf-version-set
        - version-catalog-upgrade
        mcps:
        - git-workflow
        - amiga-python-2
        agents:
        - aidev-coder/AIDevCoder
        tools:
        - aidevtracker
    source: github:inditex/cac-moyaagentrules
    selectHash: 9e82d28e9901a44d
    sha: 60164ec088a9520b2ded1868104a814f169b2572
    origin: template:github:inditex/cac-moyaagentrules#templates/itx-coding
    position: 1
